<?xml version="1.0" encoding="UTF-8"?>
<Scheme
   LastUpgradeVersion = "0720"
   version = "1.7">
   <BuildAction
      parallelizeBuildables = "YES"
      buildImplicitDependencies = "YES">
      <PostActions>
         <ExecutionAction
            ActionType = "Xcode.IDEStandardExecutionActionsCore.ExecutionActionType.ShellScriptAction">
            <ActionContent
               title = "Copy MacOS product and headers directory"
               scriptText = "cp &quot;${BUILD_DIR}/${CONFIGURATION}/libOSX.a&quot; &quot;/Users/iSeven/Developer/Xcode/Projets/imagic/bin/lib/static/MacOS/libimagic.a&quot;&#10;&#10;cp &quot;${BUILD_DIR}/${CONFIGURATION}/libOSX-dynamic.dylib&quot; &quot;/Users/iSeven/Developer/Xcode/Projets/imagic/bin/lib/dynamic/MacOS/libimagic.dylib&quot;&#10;&#10;cp -R &quot;${BUILD_DIR}/${CONFIGURATION}/include&quot; &quot;/Users/iSeven/Developer/Xcode/Projets/Imagic/bin/lib/&quot;">
               <EnvironmentBuildable>
                  <BuildableReference
                     BuildableIdentifier = "primary"
                     BlueprintIdentifier = "8AB0E93E1C5FF74F00D325BA"
                     BuildableName = "libOSX.a"
                     BlueprintName = "OSX"
                     ReferencedContainer = "container:imagic.xcodeproj">
                  </BuildableReference>
               </EnvironmentBuildable>
            </ActionContent>
         </ExecutionAction>
         <ExecutionAction
            ActionType = "Xcode.IDEStandardExecutionActionsCore.ExecutionActionType.ShellScriptAction">
            <ActionContent
               title = "Build iOS FAT library"
               scriptText = "lipo -create &quot;${BUILD_DIR}/${CONFIGURATION}-iphoneos/libiOS.a&quot; &quot;${BUILD_DIR}/${CONFIGURATION}-iphonesimulator/libiOS-Simulator.a&quot; -output &quot;/Users/iSeven/Developer/Xcode/Projets/imagic/bin/lib/static/iOS/libimagic.a&quot;">
               <EnvironmentBuildable>
                  <BuildableReference
                     BuildableIdentifier = "primary"
                     BlueprintIdentifier = "8AB0E93E1C5FF74F00D325BA"
                     BuildableName = "libOSX.a"
                     BlueprintName = "OSX"
                     ReferencedContainer = "container:imagic.xcodeproj">
                  </BuildableReference>
               </EnvironmentBuildable>
            </ActionContent>
         </ExecutionAction>
         <ExecutionAction
            ActionType = "Xcode.IDEStandardExecutionActionsCore.ExecutionActionType.ShellScriptAction">
            <ActionContent
               title = "Copy unit tests executable"
               scriptText = "cp &quot;${BUILD_DIR}/${CONFIGURATION}/UnitTests&quot; &quot;/Users/iSeven/Developer/Xcode/Projets/imagic/bin/tests/&quot;">
            </ActionContent>
         </ExecutionAction>
      </PostActions>
      <BuildActionEntries>
         <BuildActionEntry
            buildForTesting = "YES"
            buildForRunning = "YES"
            buildForProfiling = "YES"
            buildForArchiving = "YES"
            buildForAnalyzing = "YES">
            <BuildableReference
               BuildableIdentifier = "primary"
               BlueprintIdentifier = "8AB0E93E1C5FF74F00D325BA"
               BuildableName = "libOSX.a"
               BlueprintName = "OSX"
               ReferencedContainer = "container:imagic.xcodeproj">
            </BuildableReference>
         </BuildActionEntry>
         <BuildActionEntry
            buildForTesting = "YES"
            buildForRunning = "YES"
            buildForProfiling = "YES"
            buildForArchiving = "YES"
            buildForAnalyzing = "YES">
            <BuildableReference
               BuildableIdentifier = "primary"
               BlueprintIdentifier = "8A7CBC691C62277B006FD3A1"
               BuildableName = "libOSX-dynamic.dylib"
               BlueprintName = "OSX-dynamic"
               ReferencedContainer = "container:imagic.xcodeproj">
            </BuildableReference>
         </BuildActionEntry>
         <BuildActionEntry
            buildForTesting = "YES"
            buildForRunning = "YES"
            buildForProfiling = "YES"
            buildForArchiving = "YES"
            buildForAnalyzing = "YES">
            <BuildableReference
               BuildableIdentifier = "primary"
               BlueprintIdentifier = "8AB0E9581C600EF800D325BA"
               BuildableName = "UnitTests"
               BlueprintName = "UnitTests"
               ReferencedContainer = "container:imagic.xcodeproj">
            </BuildableReference>
         </BuildActionEntry>
         <BuildActionEntry
            buildForTesting = "YES"
            buildForRunning = "YES"
            buildForProfiling = "YES"
            buildForArchiving = "YES"
            buildForAnalyzing = "YES">
            <BuildableReference
               BuildableIdentifier = "primary"
               BlueprintIdentifier = "8A4537201C62085F00B9B19F"
               BuildableName = "libiOS.a"
               BlueprintName = "iOS"
               ReferencedContainer = "container:imagic.xcodeproj">
            </BuildableReference>
         </BuildActionEntry>
         <BuildActionEntry
            buildForTesting = "YES"
            buildForRunning = "YES"
            buildForProfiling = "YES"
            buildForArchiving = "YES"
            buildForAnalyzing = "YES">
            <BuildableReference
               BuildableIdentifier = "primary"
               BlueprintIdentifier = "8A45372D1C62086A00B9B19F"
               BuildableName = "libiOS-Simulator.a"
               BlueprintName = "iOS-Simulator"
               ReferencedContainer = "container:imagic.xcodeproj">
            </BuildableReference>
         </BuildActionEntry>
      </BuildActionEntries>
   </BuildAction>
   <TestAction
      buildConfiguration = "Debug"
      selectedDebuggerIdentifier = "Xcode.DebuggerFoundation.Debugger.LLDB"
      selectedLauncherIdentifier = "Xcode.DebuggerFoundation.Launcher.LLDB"
      shouldUseLaunchSchemeArgsEnv = "YES">
      <Testables>
      </Testables>
      <MacroExpansion>
         <BuildableReference
            BuildableIdentifier = "primary"
            BlueprintIdentifier = "8AB0E93E1C5FF74F00D325BA"
            BuildableName = "libOSX.a"
            BlueprintName = "OSX"
            ReferencedContainer = "container:imagic.xcodeproj">
         </BuildableReference>
      </MacroExpansion>
      <AdditionalOptions>
      </AdditionalOptions>
   </TestAction>
   <LaunchAction
      buildConfiguration = "Debug"
      selectedDebuggerIdentifier = "Xcode.DebuggerFoundation.Debugger.LLDB"
      selectedLauncherIdentifier = "Xcode.DebuggerFoundation.Launcher.LLDB"
      launchStyle = "0"
      useCustomWorkingDirectory = "NO"
      ignoresPersistentStateOnLaunch = "NO"
      debugDocumentVersioning = "YES"
      debugServiceExtension = "internal"
      allowLocationSimulation = "YES">
      <MacroExpansion>
         <BuildableReference
            BuildableIdentifier = "primary"
            BlueprintIdentifier = "8AB0E93E1C5FF74F00D325BA"
            BuildableName = "libOSX.a"
            BlueprintName = "OSX"
            ReferencedContainer = "container:imagic.xcodeproj">
         </BuildableReference>
      </MacroExpansion>
      <AdditionalOptions>
      </AdditionalOptions>
   </LaunchAction>
   <ProfileAction
      buildConfiguration = "Release"
      shouldUseLaunchSchemeArgsEnv = "YES"
      savedToolIdentifier = ""
      useCustomWorkingDirectory = "NO"
      debugDocumentVersioning = "YES">
      <MacroExpansion>
         <BuildableReference
            BuildableIdentifier = "primary"
            BlueprintIdentifier = "8AB0E93E1C5FF74F00D325BA"
            BuildableName = "libOSX.a"
            BlueprintName = "OSX"
            ReferencedContainer = "container:imagic.xcodeproj">
         </BuildableReference>
      </MacroExpansion>
   </ProfileAction>
   <AnalyzeAction
      buildConfiguration = "Debug">
   </AnalyzeAction>
   <ArchiveAction
      buildConfiguration = "Release"
      revealArchiveInOrganizer = "YES">
   </ArchiveAction>
</Scheme>
