// !$*UTF8*$!
{
	archiveVersion = 1;
	classes = {
	};
	objectVersion = 46;
	objects = {

/* Begin PBXAggregateTarget section */
		BD85EDED1FD6CCAB00CE339F /* Universal */ = {
			isa = PBXAggregateTarget;
			buildConfigurationList = BD85EDEE1FD6CCAB00CE339F /* Build configuration list for PBXAggregateTarget "Universal" */;
			buildPhases = (
				BD85EDF71FD6CDB700CE339F /* ShellScript */,
			);
			dependencies = (
				04BA982B1FD73DAA00442681 /* PBXTargetDependency */,
				04BA981C1FD733EA00442681 /* PBXTargetDependency */,
				04A549BC1FD7305D00747CCE /* PBXTargetDependency */,
			);
			name = Universal;
			productName = Universal;
		};
/* End PBXAggregateTarget section */

/* Begin PBXBuildFile section */
		044517A620225DE800067C10 /* convert.h in Headers */ = {isa = PBXBuildFile; fileRef = 044517A520225DE700067C10 /* convert.h */; };
		044517A920225F4400067C10 /* labelling.h in Headers */ = {isa = PBXBuildFile; fileRef = 044517A720225F4400067C10 /* labelling.h */; };
		044517AA20225F4400067C10 /* labelling.c in Sources */ = {isa = PBXBuildFile; fileRef = 044517A820225F4400067C10 /* labelling.c */; };
		044517AB20225F4400067C10 /* labelling.c in Sources */ = {isa = PBXBuildFile; fileRef = 044517A820225F4400067C10 /* labelling.c */; };
		044517AC20225F4400067C10 /* labelling.c in Sources */ = {isa = PBXBuildFile; fileRef = 044517A820225F4400067C10 /* labelling.c */; };
		044517AD20225F4400067C10 /* labelling.c in Sources */ = {isa = PBXBuildFile; fileRef = 044517A820225F4400067C10 /* labelling.c */; };
		0458375F1FFD436A0078827F /* _image.h in Headers */ = {isa = PBXBuildFile; fileRef = 0458375E1FFD436A0078827F /* _image.h */; };
		045837641FFD45540078827F /* tools.h in Headers */ = {isa = PBXBuildFile; fileRef = 045837611FFD45530078827F /* tools.h */; };
		045837651FFD45540078827F /* pnm.h in Headers */ = {isa = PBXBuildFile; fileRef = 045837621FFD45540078827F /* pnm.h */; };
		045837661FFD45540078827F /* io.h in Headers */ = {isa = PBXBuildFile; fileRef = 045837631FFD45540078827F /* io.h */; settings = {ATTRIBUTES = (Public, ); }; };
		0458376A1FFD456D0078827F /* tools.c in Sources */ = {isa = PBXBuildFile; fileRef = 045837671FFD456C0078827F /* tools.c */; };
		0458376B1FFD456D0078827F /* io.c in Sources */ = {isa = PBXBuildFile; fileRef = 045837681FFD456C0078827F /* io.c */; };
		0458376C1FFD456D0078827F /* pnm.c in Sources */ = {isa = PBXBuildFile; fileRef = 045837691FFD456D0078827F /* pnm.c */; };
		0458376F1FFD45A00078827F /* io_unit_tests.c in Sources */ = {isa = PBXBuildFile; fileRef = 0458376E1FFD45A00078827F /* io_unit_tests.c */; };
		045837701FFD45DB0078827F /* io.c in Sources */ = {isa = PBXBuildFile; fileRef = 045837681FFD456C0078827F /* io.c */; };
		045837711FFD45E60078827F /* pnm.c in Sources */ = {isa = PBXBuildFile; fileRef = 045837691FFD456D0078827F /* pnm.c */; };
		045837721FFD45E60078827F /* tools.c in Sources */ = {isa = PBXBuildFile; fileRef = 045837671FFD456C0078827F /* tools.c */; };
		045837761FFD46DA0078827F /* Resources in CopyFiles */ = {isa = PBXBuildFile; fileRef = 045837751FFD46C80078827F /* Resources */; };
		045837771FFD47910078827F /* io.c in Sources */ = {isa = PBXBuildFile; fileRef = 045837681FFD456C0078827F /* io.c */; };
		045837781FFD47910078827F /* pnm.c in Sources */ = {isa = PBXBuildFile; fileRef = 045837691FFD456D0078827F /* pnm.c */; };
		045837791FFD47910078827F /* tools.c in Sources */ = {isa = PBXBuildFile; fileRef = 045837671FFD456C0078827F /* tools.c */; };
		0458377A1FFD47980078827F /* io.c in Sources */ = {isa = PBXBuildFile; fileRef = 045837681FFD456C0078827F /* io.c */; };
		0458377B1FFD47980078827F /* pnm.c in Sources */ = {isa = PBXBuildFile; fileRef = 045837691FFD456D0078827F /* pnm.c */; };
		0458377C1FFD47980078827F /* tools.c in Sources */ = {isa = PBXBuildFile; fileRef = 045837671FFD456C0078827F /* tools.c */; };
		04A27EF6201D20F300A92706 /* convert.c in Sources */ = {isa = PBXBuildFile; fileRef = 04A27EF4201D20F300A92706 /* convert.c */; };
		04A27EF7201D20F300A92706 /* convert.c in Sources */ = {isa = PBXBuildFile; fileRef = 04A27EF4201D20F300A92706 /* convert.c */; };
		04A27EF8201D20F300A92706 /* convert.c in Sources */ = {isa = PBXBuildFile; fileRef = 04A27EF4201D20F300A92706 /* convert.c */; };
		04A27EFC201D210A00A92706 /* convert_unit_tests.c in Sources */ = {isa = PBXBuildFile; fileRef = 04A27EFA201D210A00A92706 /* convert_unit_tests.c */; };
		04A27EFD201D213700A92706 /* convert.c in Sources */ = {isa = PBXBuildFile; fileRef = 04A27EF4201D20F300A92706 /* convert.c */; };
		04CEFBCF20277D52001138F3 /* labelling_unit_tests.c in Sources */ = {isa = PBXBuildFile; fileRef = 04CEFBCE20277D52001138F3 /* labelling_unit_tests.c */; };
		BD8A36521FD993E300A4024F /* image_unit_tests.c in Sources */ = {isa = PBXBuildFile; fileRef = BD8A36511FD993E300A4024F /* image_unit_tests.c */; };
		BDC433B21FD82576005C4D0D /* main.c in Sources */ = {isa = PBXBuildFile; fileRef = BDC433B11FD82576005C4D0D /* main.c */; };
		BDC433C01FD82797005C4D0D /* libcunit.a in Frameworks */ = {isa = PBXBuildFile; fileRef = BDC433BF1FD8278A005C4D0D /* libcunit.a */; };
		BDC433C21FD82986005C4D0D /* imagic.h in Headers */ = {isa = PBXBuildFile; fileRef = BDC433C11FD82986005C4D0D /* imagic.h */; settings = {ATTRIBUTES = (Public, ); }; };
		BDC433C81FD82B82005C4D0D /* matrix.h in Headers */ = {isa = PBXBuildFile; fileRef = BDC433C61FD82B82005C4D0D /* matrix.h */; settings = {ATTRIBUTES = (Public, ); }; };
		BDC433CA1FD82B82005C4D0D /* matrix.c in Sources */ = {isa = PBXBuildFile; fileRef = BDC433C71FD82B82005C4D0D /* matrix.c */; };
		BDC433CB1FD82B82005C4D0D /* matrix.c in Sources */ = {isa = PBXBuildFile; fileRef = BDC433C71FD82B82005C4D0D /* matrix.c */; };
		BDC433CC1FD82B82005C4D0D /* matrix.c in Sources */ = {isa = PBXBuildFile; fileRef = BDC433C71FD82B82005C4D0D /* matrix.c */; };
		BDC433CF1FD82DD7005C4D0D /* matrix_unit_tests.c in Sources */ = {isa = PBXBuildFile; fileRef = BDC433CE1FD82DD7005C4D0D /* matrix_unit_tests.c */; };
		BDC433D11FD833D5005C4D0D /* matrix.c in Sources */ = {isa = PBXBuildFile; fileRef = BDC433C71FD82B82005C4D0D /* matrix.c */; };
		BDC433D41FD97D26005C4D0D /* image.h in Headers */ = {isa = PBXBuildFile; fileRef = BDC433D21FD97D26005C4D0D /* image.h */; settings = {ATTRIBUTES = (Public, ); }; };
		BDC433D61FD97D26005C4D0D /* image.c in Sources */ = {isa = PBXBuildFile; fileRef = BDC433D31FD97D26005C4D0D /* image.c */; };
		BDC433D71FD97D26005C4D0D /* image.c in Sources */ = {isa = PBXBuildFile; fileRef = BDC433D31FD97D26005C4D0D /* image.c */; };
		BDC433D81FD97D26005C4D0D /* image.c in Sources */ = {isa = PBXBuildFile; fileRef = BDC433D31FD97D26005C4D0D /* image.c */; };
		BDC433D91FD97D26005C4D0D /* image.c in Sources */ = {isa = PBXBuildFile; fileRef = BDC433D31FD97D26005C4D0D /* image.c */; };
/* End PBXBuildFile section */

/* Begin PBXContainerItemProxy section */
		04A549BB1FD7305D00747CCE /* PBXContainerItemProxy */ = {
			isa = PBXContainerItemProxy;
			containerPortal = 8AB0E9371C5FF74F00D325BA /* Project object */;
			proxyType = 1;
			remoteGlobalIDString = 04A549B61FD72F2400747CCE;
			remoteInfo = imagic;
		};
		04BA981B1FD733EA00442681 /* PBXContainerItemProxy */ = {
			isa = PBXContainerItemProxy;
			containerPortal = 8AB0E9371C5FF74F00D325BA /* Project object */;
			proxyType = 1;
			remoteGlobalIDString = 04BA98151FD733CF00442681;
			remoteInfo = imagic_shared;
		};
		04BA982A1FD73DAA00442681 /* PBXContainerItemProxy */ = {
			isa = PBXContainerItemProxy;
			containerPortal = 8AB0E9371C5FF74F00D325BA /* Project object */;
			proxyType = 1;
			remoteGlobalIDString = 04BA98201FD73D8E00442681;
			remoteInfo = imagic_iOS;
		};
/* End PBXContainerItemProxy section */

/* Begin PBXCopyFilesBuildPhase section */
		BDC433AD1FD82576005C4D0D /* CopyFiles */ = {
			isa = PBXCopyFilesBuildPhase;
			buildActionMask = 12;
			dstPath = "";
			dstSubfolderSpec = 16;
			files = (
				045837761FFD46DA0078827F /* Resources in CopyFiles */,
			);
			runOnlyForDeploymentPostprocessing = 0;
		};
/* End PBXCopyFilesBuildPhase section */

/* Begin PBXFileReference section */
		044517A520225DE700067C10 /* convert.h */ = {isa = PBXFileReference; fileEncoding = 4; lastKnownFileType = sourcecode.c.h; path = convert.h; sourceTree = "<group>"; };
		044517A720225F4400067C10 /* labelling.h */ = {isa = PBXFileReference; lastKnownFileType = sourcecode.c.h; path = labelling.h; sourceTree = "<group>"; };
		044517A820225F4400067C10 /* labelling.c */ = {isa = PBXFileReference; lastKnownFileType = sourcecode.c.c; path = labelling.c; sourceTree = "<group>"; };
		0458375E1FFD436A0078827F /* _image.h */ = {isa = PBXFileReference; fileEncoding = 4; lastKnownFileType = sourcecode.c.h; path = _image.h; sourceTree = "<group>"; };
		045837611FFD45530078827F /* tools.h */ = {isa = PBXFileReference; fileEncoding = 4; lastKnownFileType = sourcecode.c.h; path = tools.h; sourceTree = "<group>"; };
		045837621FFD45540078827F /* pnm.h */ = {isa = PBXFileReference; fileEncoding = 4; lastKnownFileType = sourcecode.c.h; path = pnm.h; sourceTree = "<group>"; };
		045837631FFD45540078827F /* io.h */ = {isa = PBXFileReference; fileEncoding = 4; lastKnownFileType = sourcecode.c.h; path = io.h; sourceTree = "<group>"; };
		045837671FFD456C0078827F /* tools.c */ = {isa = PBXFileReference; fileEncoding = 4; lastKnownFileType = sourcecode.c.c; path = tools.c; sourceTree = "<group>"; };
		045837681FFD456C0078827F /* io.c */ = {isa = PBXFileReference; fileEncoding = 4; lastKnownFileType = sourcecode.c.c; path = io.c; sourceTree = "<group>"; };
		045837691FFD456D0078827F /* pnm.c */ = {isa = PBXFileReference; fileEncoding = 4; lastKnownFileType = sourcecode.c.c; path = pnm.c; sourceTree = "<group>"; };
		0458376D1FFD458C0078827F /* io_unit_tests.h */ = {isa = PBXFileReference; fileEncoding = 4; lastKnownFileType = sourcecode.c.h; path = io_unit_tests.h; sourceTree = "<group>"; };
		0458376E1FFD45A00078827F /* io_unit_tests.c */ = {isa = PBXFileReference; fileEncoding = 4; lastKnownFileType = sourcecode.c.c; path = io_unit_tests.c; sourceTree = "<group>"; };
		045837751FFD46C80078827F /* Resources */ = {isa = PBXFileReference; lastKnownFileType = folder; path = Resources; sourceTree = "<group>"; };
		04A27EF4201D20F300A92706 /* convert.c */ = {isa = PBXFileReference; fileEncoding = 4; lastKnownFileType = sourcecode.c.c; path = convert.c; sourceTree = "<group>"; };
		04A27EFA201D210A00A92706 /* convert_unit_tests.c */ = {isa = PBXFileReference; fileEncoding = 4; lastKnownFileType = sourcecode.c.c; path = convert_unit_tests.c; sourceTree = "<group>"; };
		04A27EFB201D210A00A92706 /* convert_unit_tests.h */ = {isa = PBXFileReference; fileEncoding = 4; lastKnownFileType = sourcecode.c.h; name = convert_unit_tests.h; path = ../convert_unit_tests.h; sourceTree = "<group>"; };
		04A549B71FD72F2400747CCE /* libimagic.a */ = {isa = PBXFileReference; explicitFileType = archive.ar; includeInIndex = 0; path = libimagic.a; sourceTree = BUILT_PRODUCTS_DIR; };
		04BA98161FD733CF00442681 /* libimagic.dylib */ = {isa = PBXFileReference; explicitFileType = "compiled.mach-o.dylib"; includeInIndex = 0; path = libimagic.dylib; sourceTree = BUILT_PRODUCTS_DIR; };
		04BA98211FD73D8E00442681 /* libimagic.a */ = {isa = PBXFileReference; explicitFileType = archive.ar; includeInIndex = 0; path = libimagic.a; sourceTree = BUILT_PRODUCTS_DIR; };
		04CEFBCD20277D52001138F3 /* labelling_unit_tests.h */ = {isa = PBXFileReference; lastKnownFileType = sourcecode.c.h; path = labelling_unit_tests.h; sourceTree = "<group>"; };
		04CEFBCE20277D52001138F3 /* labelling_unit_tests.c */ = {isa = PBXFileReference; lastKnownFileType = sourcecode.c.c; path = labelling_unit_tests.c; sourceTree = "<group>"; };
		BD8A36501FD993E300A4024F /* image_unit_tests.h */ = {isa = PBXFileReference; lastKnownFileType = sourcecode.c.h; path = image_unit_tests.h; sourceTree = "<group>"; };
		BD8A36511FD993E300A4024F /* image_unit_tests.c */ = {isa = PBXFileReference; lastKnownFileType = sourcecode.c.c; path = image_unit_tests.c; sourceTree = "<group>"; };
		BDC433AF1FD82576005C4D0D /* UnitTests */ = {isa = PBXFileReference; explicitFileType = "compiled.mach-o.executable"; includeInIndex = 0; path = UnitTests; sourceTree = BUILT_PRODUCTS_DIR; };
		BDC433B11FD82576005C4D0D /* main.c */ = {isa = PBXFileReference; lastKnownFileType = sourcecode.c.c; path = main.c; sourceTree = "<group>"; };
		BDC433B91FD8278A005C4D0D /* cassert.h */ = {isa = PBXFileReference; lastKnownFileType = sourcecode.c.h; path = cassert.h; sourceTree = "<group>"; };
		BDC433BA1FD8278A005C4D0D /* ctcase.h */ = {isa = PBXFileReference; lastKnownFileType = sourcecode.c.h; path = ctcase.h; sourceTree = "<group>"; };
		BDC433BB1FD8278A005C4D0D /* ctperf.h */ = {isa = PBXFileReference; lastKnownFileType = sourcecode.c.h; path = ctperf.h; sourceTree = "<group>"; };
		BDC433BC1FD8278A005C4D0D /* cunit.h */ = {isa = PBXFileReference; lastKnownFileType = sourcecode.c.h; path = cunit.h; sourceTree = "<group>"; };
		BDC433BD1FD8278A005C4D0D /* ctypes.h */ = {isa = PBXFileReference; lastKnownFileType = sourcecode.c.h; path = ctypes.h; sourceTree = "<group>"; };
		BDC433BE1FD8278A005C4D0D /* ctsuite.h */ = {isa = PBXFileReference; lastKnownFileType = sourcecode.c.h; path = ctsuite.h; sourceTree = "<group>"; };
		BDC433BF1FD8278A005C4D0D /* libcunit.a */ = {isa = PBXFileReference; lastKnownFileType = archive.ar; path = libcunit.a; sourceTree = "<group>"; };
		BDC433C11FD82986005C4D0D /* imagic.h */ = {isa = PBXFileReference; lastKnownFileType = sourcecode.c.h; path = imagic.h; sourceTree = "<group>"; };
		BDC433C61FD82B82005C4D0D /* matrix.h */ = {isa = PBXFileReference; lastKnownFileType = sourcecode.c.h; path = matrix.h; sourceTree = "<group>"; };
		BDC433C71FD82B82005C4D0D /* matrix.c */ = {isa = PBXFileReference; lastKnownFileType = sourcecode.c.c; path = matrix.c; sourceTree = "<group>"; };
		BDC433CD1FD82DD7005C4D0D /* matrix_unit_tests.h */ = {isa = PBXFileReference; lastKnownFileType = sourcecode.c.h; path = matrix_unit_tests.h; sourceTree = "<group>"; };
		BDC433CE1FD82DD7005C4D0D /* matrix_unit_tests.c */ = {isa = PBXFileReference; lastKnownFileType = sourcecode.c.c; path = matrix_unit_tests.c; sourceTree = "<group>"; };
		BDC433D21FD97D26005C4D0D /* image.h */ = {isa = PBXFileReference; lastKnownFileType = sourcecode.c.h; path = image.h; sourceTree = "<group>"; };
		BDC433D31FD97D26005C4D0D /* image.c */ = {isa = PBXFileReference; lastKnownFileType = sourcecode.c.c; path = image.c; sourceTree = "<group>"; };
/* End PBXFileReference section */

/* Begin PBXFrameworksBuildPhase section */
		04A549B41FD72F2400747CCE /* Frameworks */ = {
			isa = PBXFrameworksBuildPhase;
			buildActionMask = 2147483647;
			files = (
			);
			runOnlyForDeploymentPostprocessing = 0;
		};
		04BA98131FD733CF00442681 /* Frameworks */ = {
			isa = PBXFrameworksBuildPhase;
			buildActionMask = 2147483647;
			files = (
			);
			runOnlyForDeploymentPostprocessing = 0;
		};
		04BA981E1FD73D8E00442681 /* Frameworks */ = {
			isa = PBXFrameworksBuildPhase;
			buildActionMask = 2147483647;
			files = (
			);
			runOnlyForDeploymentPostprocessing = 0;
		};
		BDC433AC1FD82576005C4D0D /* Frameworks */ = {
			isa = PBXFrameworksBuildPhase;
			buildActionMask = 2147483647;
			files = (
				BDC433C01FD82797005C4D0D /* libcunit.a in Frameworks */,
			);
			runOnlyForDeploymentPostprocessing = 0;
		};
/* End PBXFrameworksBuildPhase section */

/* Begin PBXGroup section */
		045837601FFD43C00078827F /* private */ = {
			isa = PBXGroup;
			children = (
				0458375E1FFD436A0078827F /* _image.h */,
			);
			path = private;
			sourceTree = "<group>";
		};
		046394C61FD7407D00926C51 /* Frameworks */ = {
			isa = PBXGroup;
			children = (
			);
			name = Frameworks;
			sourceTree = "<group>";
		};
		8AB0E9361C5FF74F00D325BA = {
			isa = PBXGroup;
			children = (
				045837751FFD46C80078827F /* Resources */,
				BDC433B61FD8278A005C4D0D /* Libraries */,
				BD85EDE91FD6CC7A00CE339F /* imagic */,
				BDC433B01FD82576005C4D0D /* UnitTests */,
				8AB0E9401C5FF74F00D325BA /* Products */,
				046394C61FD7407D00926C51 /* Frameworks */,
			);
			sourceTree = "<group>";
		};
		8AB0E9401C5FF74F00D325BA /* Products */ = {
			isa = PBXGroup;
			children = (
				04A549B71FD72F2400747CCE /* libimagic.a */,
				04BA98161FD733CF00442681 /* libimagic.dylib */,
				04BA98211FD73D8E00442681 /* libimagic.a */,
				BDC433AF1FD82576005C4D0D /* UnitTests */,
			);
			name = Products;
			sourceTree = "<group>";
		};
		BD85EDE91FD6CC7A00CE339F /* imagic */ = {
			isa = PBXGroup;
			children = (
				BDC433C51FD82994005C4D0D /* include */,
				045837681FFD456C0078827F /* io.c */,
				045837691FFD456D0078827F /* pnm.c */,
				045837671FFD456C0078827F /* tools.c */,
				BDC433C71FD82B82005C4D0D /* matrix.c */,
				BDC433D31FD97D26005C4D0D /* image.c */,
				04A27EF4201D20F300A92706 /* convert.c */,
				044517A820225F4400067C10 /* labelling.c */,
			);
			path = imagic;
			sourceTree = "<group>";
		};
		BDC433B01FD82576005C4D0D /* UnitTests */ = {
			isa = PBXGroup;
			children = (
				BDC433D01FD82DDB005C4D0D /* include */,
				BDC433B11FD82576005C4D0D /* main.c */,
				0458376E1FFD45A00078827F /* io_unit_tests.c */,
				BDC433CE1FD82DD7005C4D0D /* matrix_unit_tests.c */,
				BD8A36511FD993E300A4024F /* image_unit_tests.c */,
				04A27EFA201D210A00A92706 /* convert_unit_tests.c */,
				04CEFBCE20277D52001138F3 /* labelling_unit_tests.c */,
			);
			path = UnitTests;
			sourceTree = "<group>";
		};
		BDC433B61FD8278A005C4D0D /* Libraries */ = {
			isa = PBXGroup;
			children = (
				BDC433B71FD8278A005C4D0D /* cunit */,
			);
			path = Libraries;
			sourceTree = "<group>";
		};
		BDC433B71FD8278A005C4D0D /* cunit */ = {
			isa = PBXGroup;
			children = (
				BDC433B81FD8278A005C4D0D /* include */,
				BDC433BF1FD8278A005C4D0D /* libcunit.a */,
			);
			path = cunit;
			sourceTree = "<group>";
		};
		BDC433B81FD8278A005C4D0D /* include */ = {
			isa = PBXGroup;
			children = (
				BDC433B91FD8278A005C4D0D /* cassert.h */,
				BDC433BA1FD8278A005C4D0D /* ctcase.h */,
				BDC433BB1FD8278A005C4D0D /* ctperf.h */,
				BDC433BC1FD8278A005C4D0D /* cunit.h */,
				BDC433BD1FD8278A005C4D0D /* ctypes.h */,
				BDC433BE1FD8278A005C4D0D /* ctsuite.h */,
			);
			path = include;
			sourceTree = "<group>";
		};
		BDC433C51FD82994005C4D0D /* include */ = {
			isa = PBXGroup;
			children = (
				045837601FFD43C00078827F /* private */,
				045837631FFD45540078827F /* io.h */,
				045837621FFD45540078827F /* pnm.h */,
				045837611FFD45530078827F /* tools.h */,
				BDC433D21FD97D26005C4D0D /* image.h */,
				BDC433C61FD82B82005C4D0D /* matrix.h */,
				044517A520225DE700067C10 /* convert.h */,
				044517A720225F4400067C10 /* labelling.h */,
				BDC433C11FD82986005C4D0D /* imagic.h */,
			);
			path = include;
			sourceTree = "<group>";
		};
		BDC433D01FD82DDB005C4D0D /* include */ = {
			isa = PBXGroup;
			children = (
				0458376D1FFD458C0078827F /* io_unit_tests.h */,
				BDC433CD1FD82DD7005C4D0D /* matrix_unit_tests.h */,
				BD8A36501FD993E300A4024F /* image_unit_tests.h */,
				04CEFBCD20277D52001138F3 /* labelling_unit_tests.h */,
				04A27EFB201D210A00A92706 /* convert_unit_tests.h */,
			);
			path = include;
			sourceTree = "<group>";
		};
/* End PBXGroup section */

/* Begin PBXHeadersBuildPhase section */
		04A549B51FD72F2400747CCE /* Headers */ = {
			isa = PBXHeadersBuildPhase;
			buildActionMask = 2147483647;
			files = (
				044517A620225DE800067C10 /* convert.h in Headers */,
				045837661FFD45540078827F /* io.h in Headers */,
				045837651FFD45540078827F /* pnm.h in Headers */,
				044517A920225F4400067C10 /* labelling.h in Headers */,
				0458375F1FFD436A0078827F /* _image.h in Headers */,
				BDC433D41FD97D26005C4D0D /* image.h in Headers */,
				BDC433C21FD82986005C4D0D /* imagic.h in Headers */,
				045837641FFD45540078827F /* tools.h in Headers */,
				BDC433C81FD82B82005C4D0D /* matrix.h in Headers */,
			);
			runOnlyForDeploymentPostprocessing = 0;
		};
/* End PBXHeadersBuildPhase section */

/* Begin PBXNativeTarget section */
		04A549B61FD72F2400747CCE /* imagic_macOS */ = {
			isa = PBXNativeTarget;
			buildConfigurationList = 04A549B81FD72F2400747CCE /* Build configuration list for PBXNativeTarget "imagic_macOS" */;
			buildPhases = (
				04A549B31FD72F2400747CCE /* Sources */,
				04A549B41FD72F2400747CCE /* Frameworks */,
				04A549B51FD72F2400747CCE /* Headers */,
			);
			buildRules = (
			);
			dependencies = (
			);
			name = imagic_macOS;
			productName = imagic_static;
			productReference = 04A549B71FD72F2400747CCE /* libimagic.a */;
			productType = "com.apple.product-type.library.static";
		};
		04BA98151FD733CF00442681 /* imagic_macOS_shared */ = {
			isa = PBXNativeTarget;
			buildConfigurationList = 04BA98171FD733CF00442681 /* Build configuration list for PBXNativeTarget "imagic_macOS_shared" */;
			buildPhases = (
				04BA98121FD733CF00442681 /* Sources */,
				04BA98131FD733CF00442681 /* Frameworks */,
			);
			buildRules = (
			);
			dependencies = (
			);
			name = imagic_macOS_shared;
			productName = imagic_shared;
			productReference = 04BA98161FD733CF00442681 /* libimagic.dylib */;
			productType = "com.apple.product-type.library.dynamic";
		};
		04BA98201FD73D8E00442681 /* imagic_iOS */ = {
			isa = PBXNativeTarget;
			buildConfigurationList = 04BA98271FD73D8E00442681 /* Build configuration list for PBXNativeTarget "imagic_iOS" */;
			buildPhases = (
				04BA981D1FD73D8E00442681 /* Sources */,
				04BA981E1FD73D8E00442681 /* Frameworks */,
			);
			buildRules = (
			);
			dependencies = (
			);
			name = imagic_iOS;
			productName = imagic_iOS;
			productReference = 04BA98211FD73D8E00442681 /* libimagic.a */;
			productType = "com.apple.product-type.library.static";
		};
		BDC433AE1FD82576005C4D0D /* UnitTests */ = {
			isa = PBXNativeTarget;
			buildConfigurationList = BDC433B31FD82576005C4D0D /* Build configuration list for PBXNativeTarget "UnitTests" */;
			buildPhases = (
				BDC433AB1FD82576005C4D0D /* Sources */,
				BDC433AC1FD82576005C4D0D /* Frameworks */,
				BDC433AD1FD82576005C4D0D /* CopyFiles */,
			);
			buildRules = (
			);
			dependencies = (
			);
			name = UnitTests;
			productName = UnitTests;
			productReference = BDC433AF1FD82576005C4D0D /* UnitTests */;
			productType = "com.apple.product-type.tool";
		};
/* End PBXNativeTarget section */

/* Begin PBXProject section */
		8AB0E9371C5FF74F00D325BA /* Project object */ = {
			isa = PBXProject;
			attributes = {
				LastUpgradeCheck = 0910;
				ORGANIZATIONNAME = "Romain Dubreucq";
				TargetAttributes = {
					04A549B61FD72F2400747CCE = {
						CreatedOnToolsVersion = 9.1;
						DevelopmentTeam = QQ64R4PS8Q;
						ProvisioningStyle = Automatic;
					};
					04BA98151FD733CF00442681 = {
						CreatedOnToolsVersion = 9.1;
						DevelopmentTeam = QQ64R4PS8Q;
						ProvisioningStyle = Automatic;
					};
					04BA98201FD73D8E00442681 = {
						CreatedOnToolsVersion = 9.1;
						DevelopmentTeam = QQ64R4PS8Q;
						ProvisioningStyle = Automatic;
					};
					BD85EDED1FD6CCAB00CE339F = {
						CreatedOnToolsVersion = 9.1;
						DevelopmentTeam = QQ64R4PS8Q;
						ProvisioningStyle = Automatic;
					};
					BDC433AE1FD82576005C4D0D = {
						CreatedOnToolsVersion = 9.1;
						DevelopmentTeam = QQ64R4PS8Q;
						ProvisioningStyle = Automatic;
					};
				};
			};
			buildConfigurationList = 8AB0E93A1C5FF74F00D325BA /* Build configuration list for PBXProject "imagic" */;
			compatibilityVersion = "Xcode 3.2";
			developmentRegion = English;
			hasScannedForEncodings = 0;
			knownRegions = (
				en,
			);
			mainGroup = 8AB0E9361C5FF74F00D325BA;
			productRefGroup = 8AB0E9401C5FF74F00D325BA /* Products */;
			projectDirPath = "";
			projectRoot = "";
			targets = (
				04A549B61FD72F2400747CCE /* imagic_macOS */,
				04BA98151FD733CF00442681 /* imagic_macOS_shared */,
				04BA98201FD73D8E00442681 /* imagic_iOS */,
				BD85EDED1FD6CCAB00CE339F /* Universal */,
				BDC433AE1FD82576005C4D0D /* UnitTests */,
			);
		};
/* End PBXProject section */

/* Begin PBXShellScriptBuildPhase section */
		BD85EDF71FD6CDB700CE339F /* ShellScript */ = {
			isa = PBXShellScriptBuildPhase;
			buildActionMask = 2147483647;
			files = (
			);
			inputPaths = (
			);
			outputPaths = (
			);
			runOnlyForDeploymentPostprocessing = 0;
			shellPath = /bin/sh;
			shellScript = "# define output folder environment variable\nUNIVERSAL_OUTPUTFOLDER=${BUILD_DIR}/${CONFIGURATION}-universal\n\n# Step 1. Build macOS versions (static and shared)\nxcodebuild -target imagic_macOS ONLY_ACTIVE_ARCH=NO -configuration ${CONFIGURATION} -sdk macosx -arch x86_64 -arch i386 BUILD_DIR=\"${BUILD_DIR}\" BUILD_ROOT=\"${BUILD_ROOT}\"\n\nmkdir -p \"${UNIVERSAL_OUTPUTFOLDER}/macOS\"\ncp \"${BUILD_DIR}/${CONFIGURATION}/lib${PROJECT_NAME}.a\" \"${UNIVERSAL_OUTPUTFOLDER}/macOS/lib${PROJECT_NAME}.a\"\ncp \"${BUILD_DIR}/${CONFIGURATION}/lib${PROJECT_NAME}.dylib\" \"${UNIVERSAL_OUTPUTFOLDER}/macOS/lib${PROJECT_NAME}.dylib\"\n\n# Step 2. Build iOS versions (static, iphoneos + iphonesimulator)\n\nxcodebuild -target imagic_iOS ONLY_ACTIVE_ARCH=NO -configuration ${CONFIGURATION} -sdk iphoneos -arch arm64 BUILD_DIR=\"${BUILD_DIR}\" BUILD_ROOT=\"${BUILD_ROOT}\"\nxcodebuild -target imagic_iOS ONLY_ACTIVE_ARCH=NO -configuration ${CONFIGURATION} -sdk iphonesimulator -arch x86_64 BUILD_DIR=\"${BUILD_DIR}\" BUILD_ROOT=\"${BUILD_ROOT}\"\n\nmkdir -p \"${UNIVERSAL_OUTPUTFOLDER}/iOS\"\n\n# Step 3. Create universal static binary for iOS file using lipo\nlipo -create -output \"${UNIVERSAL_OUTPUTFOLDER}/iOS/lib${PROJECT_NAME}.a\" \"${BUILD_DIR}/${CONFIGURATION}-iphonesimulator/lib${PROJECT_NAME}.a\" \"${BUILD_DIR}/${CONFIGURATION}-iphoneos/lib${PROJECT_NAME}.a\"\n\n# Last touch. copy the header files. Just for convenience\ncp -R \"${BUILD_DIR}/${CONFIGURATION}/include\" \"${UNIVERSAL_OUTPUTFOLDER}/\"";
		};
/* End PBXShellScriptBuildPhase section */

/* Begin PBXSourcesBuildPhase section */
		04A549B31FD72F2400747CCE /* Sources */ = {
			isa = PBXSourcesBuildPhase;
			buildActionMask = 2147483647;
			files = (
				0458376A1FFD456D0078827F /* tools.c in Sources */,
				0458376B1FFD456D0078827F /* io.c in Sources */,
				0458376C1FFD456D0078827F /* pnm.c in Sources */,
				04A27EF6201D20F300A92706 /* convert.c in Sources */,
				044517AA20225F4400067C10 /* labelling.c in Sources */,
				BDC433CA1FD82B82005C4D0D /* matrix.c in Sources */,
				BDC433D61FD97D26005C4D0D /* image.c in Sources */,
			);
			runOnlyForDeploymentPostprocessing = 0;
		};
		04BA98121FD733CF00442681 /* Sources */ = {
			isa = PBXSourcesBuildPhase;
			buildActionMask = 2147483647;
			files = (
				045837771FFD47910078827F /* io.c in Sources */,
				045837781FFD47910078827F /* pnm.c in Sources */,
				045837791FFD47910078827F /* tools.c in Sources */,
				04A27EF7201D20F300A92706 /* convert.c in Sources */,
				044517AB20225F4400067C10 /* labelling.c in Sources */,
				BDC433CB1FD82B82005C4D0D /* matrix.c in Sources */,
				BDC433D71FD97D26005C4D0D /* image.c in Sources */,
			);
			runOnlyForDeploymentPostprocessing = 0;
		};
		04BA981D1FD73D8E00442681 /* Sources */ = {
			isa = PBXSourcesBuildPhase;
			buildActionMask = 2147483647;
			files = (
				0458377A1FFD47980078827F /* io.c in Sources */,
				0458377B1FFD47980078827F /* pnm.c in Sources */,
				0458377C1FFD47980078827F /* tools.c in Sources */,
				04A27EF8201D20F300A92706 /* convert.c in Sources */,
				044517AC20225F4400067C10 /* labelling.c in Sources */,
				BDC433CC1FD82B82005C4D0D /* matrix.c in Sources */,
				BDC433D81FD97D26005C4D0D /* image.c in Sources */,
			);
			runOnlyForDeploymentPostprocessing = 0;
		};
		BDC433AB1FD82576005C4D0D /* Sources */ = {
			isa = PBXSourcesBuildPhase;
			buildActionMask = 2147483647;
			files = (
				04A27EFD201D213700A92706 /* convert.c in Sources */,
				04CEFBCF20277D52001138F3 /* labelling_unit_tests.c in Sources */,
				045837711FFD45E60078827F /* pnm.c in Sources */,
				045837721FFD45E60078827F /* tools.c in Sources */,
				045837701FFD45DB0078827F /* io.c in Sources */,
				BDC433D11FD833D5005C4D0D /* matrix.c in Sources */,
				0458376F1FFD45A00078827F /* io_unit_tests.c in Sources */,
				044517AD20225F4400067C10 /* labelling.c in Sources */,
				BDC433D91FD97D26005C4D0D /* image.c in Sources */,
				BD8A36521FD993E300A4024F /* image_unit_tests.c in Sources */,
				04A27EFC201D210A00A92706 /* convert_unit_tests.c in Sources */,
				BDC433CF1FD82DD7005C4D0D /* matrix_unit_tests.c in Sources */,
				BDC433B21FD82576005C4D0D /* main.c in Sources */,
			);
			runOnlyForDeploymentPostprocessing = 0;
		};
/* End PBXSourcesBuildPhase section */

/* Begin PBXTargetDependency section */
		04A549BC1FD7305D00747CCE /* PBXTargetDependency */ = {
			isa = PBXTargetDependency;
			target = 04A549B61FD72F2400747CCE /* imagic_macOS */;
			targetProxy = 04A549BB1FD7305D00747CCE /* PBXContainerItemProxy */;
		};
		04BA981C1FD733EA00442681 /* PBXTargetDependency */ = {
			isa = PBXTargetDependency;
			target = 04BA98151FD733CF00442681 /* imagic_macOS_shared */;
			targetProxy = 04BA981B1FD733EA00442681 /* PBXContainerItemProxy */;
		};
		04BA982B1FD73DAA00442681 /* PBXTargetDependency */ = {
			isa = PBXTargetDependency;
			target = 04BA98201FD73D8E00442681 /* imagic_iOS */;
			targetProxy = 04BA982A1FD73DAA00442681 /* PBXContainerItemProxy */;
		};
/* End PBXTargetDependency section */

/* Begin XCBuildConfiguration section */
		04A549B91FD72F2400747CCE /* Debug */ = {
			isa = XCBuildConfiguration;
			buildSettings = {
				CLANG_ANALYZER_NONNULL = YES;
				CLANG_ANALYZER_NUMBER_OBJECT_CONVERSION = YES_AGGRESSIVE;
				CLANG_CXX_LANGUAGE_STANDARD = "gnu++14";
				CLANG_WARN_DOCUMENTATION_COMMENTS = YES;
				CLANG_WARN_UNGUARDED_AVAILABILITY = YES_AGGRESSIVE;
				CODE_SIGN_IDENTITY = "Mac Developer";
				CODE_SIGN_STYLE = Automatic;
				DEVELOPMENT_TEAM = QQ64R4PS8Q;
				EXECUTABLE_PREFIX = lib;
				GCC_C_LANGUAGE_STANDARD = gnu11;
				MACOSX_DEPLOYMENT_TARGET = 10.13;
				ONLY_ACTIVE_ARCH = NO;
				PRIVATE_HEADERS_FOLDER_PATH = include;
				PRODUCT_NAME = imagic;
				PUBLIC_HEADERS_FOLDER_PATH = include;
				SKIP_INSTALL = YES;
				SUPPORTED_PLATFORMS = macosx;
				VALID_ARCHS = "i386 x86_64";
			};
			name = Debug;
		};
		04A549BA1FD72F2400747CCE /* Release */ = {
			isa = XCBuildConfiguration;
			buildSettings = {
				CLANG_ANALYZER_NONNULL = YES;
				CLANG_ANALYZER_NUMBER_OBJECT_CONVERSION = YES_AGGRESSIVE;
				CLANG_CXX_LANGUAGE_STANDARD = "gnu++14";
				CLANG_WARN_DOCUMENTATION_COMMENTS = YES;
				CLANG_WARN_UNGUARDED_AVAILABILITY = YES_AGGRESSIVE;
				CODE_SIGN_IDENTITY = "Mac Developer";
				CODE_SIGN_STYLE = Automatic;
				DEVELOPMENT_TEAM = QQ64R4PS8Q;
				EXECUTABLE_PREFIX = lib;
				GCC_C_LANGUAGE_STANDARD = gnu11;
				MACOSX_DEPLOYMENT_TARGET = 10.13;
				ONLY_ACTIVE_ARCH = NO;
				PRIVATE_HEADERS_FOLDER_PATH = include;
				PRODUCT_NAME = imagic;
				PUBLIC_HEADERS_FOLDER_PATH = include;
				SKIP_INSTALL = YES;
				SUPPORTED_PLATFORMS = macosx;
				VALID_ARCHS = "i386 x86_64";
			};
			name = Release;
		};
		04BA98181FD733CF00442681 /* Debug */ = {
			isa = XCBuildConfiguration;
			buildSettings = {
				CLANG_ANALYZER_NONNULL = YES;
				CLANG_ANALYZER_NUMBER_OBJECT_CONVERSION = YES_AGGRESSIVE;
				CLANG_CXX_LANGUAGE_STANDARD = "gnu++14";
				CLANG_WARN_DOCUMENTATION_COMMENTS = YES;
				CLANG_WARN_UNGUARDED_AVAILABILITY = YES_AGGRESSIVE;
				CODE_SIGN_IDENTITY = "Mac Developer";
				CODE_SIGN_STYLE = Automatic;
				DEVELOPMENT_TEAM = QQ64R4PS8Q;
				DYLIB_COMPATIBILITY_VERSION = 1;
				DYLIB_CURRENT_VERSION = 1;
				EXECUTABLE_PREFIX = lib;
				GCC_C_LANGUAGE_STANDARD = gnu11;
				MACOSX_DEPLOYMENT_TARGET = 10.13;
				PRODUCT_NAME = imagic;
			};
			name = Debug;
		};
		04BA98191FD733CF00442681 /* Release */ = {
			isa = XCBuildConfiguration;
			buildSettings = {
				CLANG_ANALYZER_NONNULL = YES;
				CLANG_ANALYZER_NUMBER_OBJECT_CONVERSION = YES_AGGRESSIVE;
				CLANG_CXX_LANGUAGE_STANDARD = "gnu++14";
				CLANG_WARN_DOCUMENTATION_COMMENTS = YES;
				CLANG_WARN_UNGUARDED_AVAILABILITY = YES_AGGRESSIVE;
				CODE_SIGN_IDENTITY = "Mac Developer";
				CODE_SIGN_STYLE = Automatic;
				DEVELOPMENT_TEAM = QQ64R4PS8Q;
				DYLIB_COMPATIBILITY_VERSION = 1;
				DYLIB_CURRENT_VERSION = 1;
				EXECUTABLE_PREFIX = lib;
				GCC_C_LANGUAGE_STANDARD = gnu11;
				MACOSX_DEPLOYMENT_TARGET = 10.13;
				PRODUCT_NAME = imagic;
			};
			name = Release;
		};
		04BA98281FD73D8E00442681 /* Debug */ = {
			isa = XCBuildConfiguration;
			buildSettings = {
				CLANG_ANALYZER_NONNULL = YES;
				CLANG_ANALYZER_NUMBER_OBJECT_CONVERSION = YES_AGGRESSIVE;
				CLANG_CXX_LANGUAGE_STANDARD = "gnu++14";
				CLANG_WARN_DOCUMENTATION_COMMENTS = YES;
				CLANG_WARN_UNGUARDED_AVAILABILITY = YES_AGGRESSIVE;
				CODE_SIGN_IDENTITY = "iPhone Developer";
				CODE_SIGN_STYLE = Automatic;
				DEVELOPMENT_TEAM = QQ64R4PS8Q;
				GCC_C_LANGUAGE_STANDARD = gnu11;
				IPHONEOS_DEPLOYMENT_TARGET = 11.1;
				ONLY_ACTIVE_ARCH = NO;
				OTHER_LDFLAGS = "-ObjC";
				PRODUCT_NAME = imagic;
				SDKROOT = iphoneos;
				SKIP_INSTALL = YES;
				TARGETED_DEVICE_FAMILY = "1,2";
			};
			name = Debug;
		};
		04BA98291FD73D8E00442681 /* Release */ = {
			isa = XCBuildConfiguration;
			buildSettings = {
				CLANG_ANALYZER_NONNULL = YES;
				CLANG_ANALYZER_NUMBER_OBJECT_CONVERSION = YES_AGGRESSIVE;
				CLANG_CXX_LANGUAGE_STANDARD = "gnu++14";
				CLANG_WARN_DOCUMENTATION_COMMENTS = YES;
				CLANG_WARN_UNGUARDED_AVAILABILITY = YES_AGGRESSIVE;
				CODE_SIGN_IDENTITY = "iPhone Developer";
				CODE_SIGN_STYLE = Automatic;
				DEVELOPMENT_TEAM = QQ64R4PS8Q;
				GCC_C_LANGUAGE_STANDARD = gnu11;
				IPHONEOS_DEPLOYMENT_TARGET = 11.1;
				ONLY_ACTIVE_ARCH = NO;
				OTHER_LDFLAGS = "-ObjC";
				PRODUCT_NAME = imagic;
				SDKROOT = iphoneos;
				SKIP_INSTALL = YES;
				TARGETED_DEVICE_FAMILY = "1,2";
				VALIDATE_PRODUCT = YES;
			};
			name = Release;
		};
		8AB0E9411C5FF74F00D325BA /* Debug */ = {
			isa = XCBuildConfiguration;
			buildSettings = {
				ALWAYS_SEARCH_USER_PATHS = NO;
				CLANG_CXX_LANGUAGE_STANDARD = "gnu++0x";
				CLANG_CXX_LIBRARY = "libc++";
				CLANG_ENABLE_MODULES = YES;
				CLANG_ENABLE_OBJC_ARC = YES;
				CLANG_WARN_BLOCK_CAPTURE_AUTORELEASING = YES;
				CLANG_WARN_BOOL_CONVERSION = YES;
				CLANG_WARN_COMMA = YES;
				CLANG_WARN_CONSTANT_CONVERSION = YES;
				CLANG_WARN_DIRECT_OBJC_ISA_USAGE = YES_ERROR;
				CLANG_WARN_EMPTY_BODY = YES;
				CLANG_WARN_ENUM_CONVERSION = YES;
				CLANG_WARN_INFINITE_RECURSION = YES;
				CLANG_WARN_INT_CONVERSION = YES;
				CLANG_WARN_NON_LITERAL_NULL_CONVERSION = YES;
				CLANG_WARN_OBJC_LITERAL_CONVERSION = YES;
				CLANG_WARN_OBJC_ROOT_CLASS = YES_ERROR;
				CLANG_WARN_RANGE_LOOP_ANALYSIS = YES;
				CLANG_WARN_STRICT_PROTOTYPES = YES;
				CLANG_WARN_SUSPICIOUS_MOVE = YES;
				CLANG_WARN_UNREACHABLE_CODE = YES;
				CLANG_WARN__DUPLICATE_METHOD_MATCH = YES;
				CODE_SIGN_IDENTITY = "-";
				COPY_PHASE_STRIP = NO;
				DEBUG_INFORMATION_FORMAT = dwarf;
				ENABLE_STRICT_OBJC_MSGSEND = YES;
				ENABLE_TESTABILITY = YES;
				GCC_C_LANGUAGE_STANDARD = gnu99;
				GCC_DYNAMIC_NO_PIC = NO;
				GCC_NO_COMMON_BLOCKS = YES;
				GCC_OPTIMIZATION_LEVEL = 0;
				GCC_PREPROCESSOR_DEFINITIONS = (
					"DEBUG=1",
					"$(inherited)",
				);
				GCC_WARN_64_TO_32_BIT_CONVERSION = YES;
				GCC_WARN_ABOUT_RETURN_TYPE = YES_ERROR;
				GCC_WARN_UNDECLARED_SELECTOR = YES;
				GCC_WARN_UNINITIALIZED_AUTOS = YES_AGGRESSIVE;
				GCC_WARN_UNUSED_FUNCTION = YES;
				GCC_WARN_UNUSED_VARIABLE = YES;
				MACOSX_DEPLOYMENT_TARGET = 10.11;
				MTL_ENABLE_DEBUG_INFO = YES;
				ONLY_ACTIVE_ARCH = YES;
				SDKROOT = macosx;
			};
			name = Debug;
		};
		8AB0E9421C5FF74F00D325BA /* Release */ = {
			isa = XCBuildConfiguration;
			buildSettings = {
				ALWAYS_SEARCH_USER_PATHS = NO;
				CLANG_CXX_LANGUAGE_STANDARD = "gnu++0x";
				CLANG_CXX_LIBRARY = "libc++";
				CLANG_ENABLE_MODULES = YES;
				CLANG_ENABLE_OBJC_ARC = YES;
				CLANG_WARN_BLOCK_CAPTURE_AUTORELEASING = YES;
				CLANG_WARN_BOOL_CONVERSION = YES;
				CLANG_WARN_COMMA = YES;
				CLANG_WARN_CONSTANT_CONVERSION = YES;
				CLANG_WARN_DIRECT_OBJC_ISA_USAGE = YES_ERROR;
				CLANG_WARN_EMPTY_BODY = YES;
				CLANG_WARN_ENUM_CONVERSION = YES;
				CLANG_WARN_INFINITE_RECURSION = YES;
				CLANG_WARN_INT_CONVERSION = YES;
				CLANG_WARN_NON_LITERAL_NULL_CONVERSION = YES;
				CLANG_WARN_OBJC_LITERAL_CONVERSION = YES;
				CLANG_WARN_OBJC_ROOT_CLASS = YES_ERROR;
				CLANG_WARN_RANGE_LOOP_ANALYSIS = YES;
				CLANG_WARN_STRICT_PROTOTYPES = YES;
				CLANG_WARN_SUSPICIOUS_MOVE = YES;
				CLANG_WARN_UNREACHABLE_CODE = YES;
				CLANG_WARN__DUPLICATE_METHOD_MATCH = YES;
				CODE_SIGN_IDENTITY = "-";
				COPY_PHASE_STRIP = NO;
				DEBUG_INFORMATION_FORMAT = "dwarf-with-dsym";
				ENABLE_NS_ASSERTIONS = NO;
				ENABLE_STRICT_OBJC_MSGSEND = YES;
				GCC_C_LANGUAGE_STANDARD = gnu99;
				GCC_NO_COMMON_BLOCKS = YES;
				GCC_WARN_64_TO_32_BIT_CONVERSION = YES;
				GCC_WARN_ABOUT_RETURN_TYPE = YES_ERROR;
				GCC_WARN_UNDECLARED_SELECTOR = YES;
				GCC_WARN_UNINITIALIZED_AUTOS = YES_AGGRESSIVE;
				GCC_WARN_UNUSED_FUNCTION = YES;
				GCC_WARN_UNUSED_VARIABLE = YES;
				MACOSX_DEPLOYMENT_TARGET = 10.11;
				MTL_ENABLE_DEBUG_INFO = NO;
				SDKROOT = macosx;
			};
			name = Release;
		};
		BD85EDEF1FD6CCAB00CE339F /* Debug */ = {
			isa = XCBuildConfiguration;
			buildSettings = {
				CODE_SIGN_STYLE = Automatic;
				DEVELOPMENT_TEAM = QQ64R4PS8Q;
				PRODUCT_NAME = "$(TARGET_NAME)";
			};
			name = Debug;
		};
		BD85EDF01FD6CCAB00CE339F /* Release */ = {
			isa = XCBuildConfiguration;
			buildSettings = {
				CODE_SIGN_STYLE = Automatic;
				DEVELOPMENT_TEAM = QQ64R4PS8Q;
				PRODUCT_NAME = "$(TARGET_NAME)";
			};
			name = Release;
		};
		BDC433B41FD82576005C4D0D /* Debug */ = {
			isa = XCBuildConfiguration;
			buildSettings = {
				CLANG_ANALYZER_NONNULL = YES;
				CLANG_ANALYZER_NUMBER_OBJECT_CONVERSION = YES_AGGRESSIVE;
				CLANG_CXX_LANGUAGE_STANDARD = "gnu++14";
				CLANG_WARN_DOCUMENTATION_COMMENTS = YES;
				CLANG_WARN_UNGUARDED_AVAILABILITY = YES_AGGRESSIVE;
				CODE_SIGN_IDENTITY = "Mac Developer";
				CODE_SIGN_STYLE = Automatic;
				DEVELOPMENT_TEAM = QQ64R4PS8Q;
				GCC_C_LANGUAGE_STANDARD = gnu11;
				HEADER_SEARCH_PATHS = "$(PROJECT_DIR)/Libraries/cunit/include";
				LIBRARY_SEARCH_PATHS = (
					"$(inherited)",
					"$(PROJECT_DIR)/Libraries/cunit",
				);
				MACOSX_DEPLOYMENT_TARGET = 10.13;
				PRODUCT_NAME = "$(TARGET_NAME)";
			};
			name = Debug;
		};
		BDC433B51FD82576005C4D0D /* Release */ = {
			isa = XCBuildConfiguration;
			buildSettings = {
				CLANG_ANALYZER_NONNULL = YES;
				CLANG_ANALYZER_NUMBER_OBJECT_CONVERSION = YES_AGGRESSIVE;
				CLANG_CXX_LANGUAGE_STANDARD = "gnu++14";
				CLANG_WARN_DOCUMENTATION_COMMENTS = YES;
				CLANG_WARN_UNGUARDED_AVAILABILITY = YES_AGGRESSIVE;
				CODE_SIGN_IDENTITY = "Mac Developer";
				CODE_SIGN_STYLE = Automatic;
				DEVELOPMENT_TEAM = QQ64R4PS8Q;
				GCC_C_LANGUAGE_STANDARD = gnu11;
				HEADER_SEARCH_PATHS = "$(PROJECT_DIR)/Libraries/cunit/include";
				LIBRARY_SEARCH_PATHS = (
					"$(inherited)",
					"$(PROJECT_DIR)/Libraries/cunit",
				);
				MACOSX_DEPLOYMENT_TARGET = 10.13;
				PRODUCT_NAME = "$(TARGET_NAME)";
			};
			name = Release;
		};
/* End XCBuildConfiguration section */

/* Begin XCConfigurationList section */
		04A549B81FD72F2400747CCE /* Build configuration list for PBXNativeTarget "imagic_macOS" */ = {
			isa = XCConfigurationList;
			buildConfigurations = (
				04A549B91FD72F2400747CCE /* Debug */,
				04A549BA1FD72F2400747CCE /* Release */,
			);
			defaultConfigurationIsVisible = 0;
			defaultConfigurationName = Release;
		};
		04BA98171FD733CF00442681 /* Build configuration list for PBXNativeTarget "imagic_macOS_shared" */ = {
			isa = XCConfigurationList;
			buildConfigurations = (
				04BA98181FD733CF00442681 /* Debug */,
				04BA98191FD733CF00442681 /* Release */,
			);
			defaultConfigurationIsVisible = 0;
			defaultConfigurationName = Release;
		};
		04BA98271FD73D8E00442681 /* Build configuration list for PBXNativeTarget "imagic_iOS" */ = {
			isa = XCConfigurationList;
			buildConfigurations = (
				04BA98281FD73D8E00442681 /* Debug */,
				04BA98291FD73D8E00442681 /* Release */,
			);
			defaultConfigurationIsVisible = 0;
			defaultConfigurationName = Release;
		};
		8AB0E93A1C5FF74F00D325BA /* Build configuration list for PBXProject "imagic" */ = {
			isa = XCConfigurationList;
			buildConfigurations = (
				8AB0E9411C5FF74F00D325BA /* Debug */,
				8AB0E9421C5FF74F00D325BA /* Release */,
			);
			defaultConfigurationIsVisible = 0;
			defaultConfigurationName = Release;
		};
		BD85EDEE1FD6CCAB00CE339F /* Build configuration list for PBXAggregateTarget "Universal" */ = {
			isa = XCConfigurationList;
			buildConfigurations = (
				BD85EDEF1FD6CCAB00CE339F /* Debug */,
				BD85EDF01FD6CCAB00CE339F /* Release */,
			);
			defaultConfigurationIsVisible = 0;
			defaultConfigurationName = Release;
		};
		BDC433B31FD82576005C4D0D /* Build configuration list for PBXNativeTarget "UnitTests" */ = {
			isa = XCConfigurationList;
			buildConfigurations = (
				BDC433B41FD82576005C4D0D /* Debug */,
				BDC433B51FD82576005C4D0D /* Release */,
			);
			defaultConfigurationIsVisible = 0;
			defaultConfigurationName = Release;
		};
/* End XCConfigurationList section */
	};
	rootObject = 8AB0E9371C5FF74F00D325BA /* Project object */;
}
